<?xml version="1.0" encoding="UTF-8"?>
<Scheme
   LastUpgradeVersion = "2620"
   version = "1.7">
   <BuildAction
      parallelizeBuildables = "YES"
      buildImplicitDependencies = "YES"
      buildArchitectures = "Automatic">
      <BuildActionEntries>
         <BuildActionEntry
            buildForTesting = "YES"
            buildForRunning = "YES"
            buildForProfiling = "YES"
            buildForArchiving = "YES"
            buildForAnalyzing = "YES">
            <BuildableReference
               BuildableIdentifier = "primary"
               BlueprintIdentifier = "76EFD4EB2F1ADCCA00C45C5C"
               BuildableName = "Steve&apos;s Talking Clock.app"
               BlueprintName = "Steve&apos;s Talking Clock - for the Mac!"
               ReferencedContainer = "container:Steve&apos;s Talking Clock - for the Mac!.xcodeproj">
            </BuildableReference>
         </BuildActionEntry>
      </BuildActionEntries>
   </BuildAction>
   <TestAction
      buildConfiguration = "Debug"
      selectedDebuggerIdentifier = "Xcode.DebuggerFoundation.Debugger.LLDB"
      selectedLauncherIdentifier = "Xcode.DebuggerFoundation.Launcher.LLDB"
      shouldUseLaunchSchemeArgsEnv = "YES"
      shouldAutocreateTestPlan = "YES">
      <Testables>
         <TestableReference
            skipped = "NO"
            parallelizable = "YES">
            <BuildableReference
               BuildableIdentifier = "primary"
               BlueprintIdentifier = "76EFD4FD2F1ADCCF00C45C5C"
               BuildableName = "Steve&apos;s Talking Clock - for the Mac!Tests.xctest"
               BlueprintName = "Steve&apos;s Talking Clock - for the Mac!Tests"
               ReferencedContainer = "container:Steve&apos;s Talking Clock - for the Mac!.xcodeproj">
            </BuildableReference>
         </TestableReference>
         <TestableReference
            skipped = "NO"
            parallelizable = "YES">
            <BuildableReference
               BuildableIdentifier = "primary"
               BlueprintIdentifier = "76EFD5072F1ADCCF00C45C5C"
               BuildableName = "Steve&apos;s Talking Clock - for the Mac!UITests.xctest"
               BlueprintName = "Steve&apos;s Talking Clock - for the Mac!UITests"
               ReferencedContainer = "container:Steve&apos;s Talking Clock - for the Mac!.xcodeproj">
            </BuildableReference>
         </TestableReference>
      </Testables>
   </TestAction>
   <LaunchAction
      buildConfiguration = "Debug"
      selectedDebuggerIdentifier = "Xcode.DebuggerFoundation.Debugger.LLDB"
      selectedLauncherIdentifier = "Xcode.DebuggerFoundation.Launcher.LLDB"
      launchStyle = "0"
      useCustomWorkingDirectory = "NO"
      ignoresPersistentStateOnLaunch = "NO"
      debugDocumentVersioning = "YES"
      debugServiceExtension = "internal"
      allowLocationSimulation = "YES">
      <BuildableProductRunnable
         runnableDebuggingMode = "0">
         <BuildableReference
            BuildableIdentifier = "primary"
            BlueprintIdentifier = "762D61782F1BC17600774CAC"
            BuildableName = "Steve&apos;s Talking Clock.app"
            BlueprintName = "Steve&apos;s Talking Clock"
            ReferencedContainer = "container:Steve&apos;s Talking Clock - for the Mac!.xcodeproj">
         </BuildableReference>
      </BuildableProductRunnable>
      <MacroExpansion>
         <BuildableReference
            BuildableIdentifier = "primary"
            BlueprintIdentifier = "76EFD4EB2F1ADCCA00C45C5C"
            BuildableName = "Steve&apos;s Talking Clock.app"
            BlueprintName = "Steve&apos;s Talking Clock - for the Mac!"
            ReferencedContainer = "container:Steve&apos;s Talking Clock - for the Mac!.xcodeproj">
         </BuildableReference>
      </MacroExpansion>
   </LaunchAction>
   <ProfileAction
      buildConfiguration = "Release"
      shouldUseLaunchSchemeArgsEnv = "YES"
      savedToolIdentifier = ""
      useCustomWorkingDirectory = "NO"
      debugDocumentVersioning = "YES">
      <BuildableProductRunnable
         runnableDebuggingMode = "0">
         <BuildableReference
            BuildableIdentifier = "primary"
            BlueprintIdentifier = "76EFD4EB2F1ADCCA00C45C5C"
            BuildableName = "Steve&apos;s Talking Clock.app"
            BlueprintName = "Steve&apos;s Talking Clock - for the Mac!"
            ReferencedContainer = "container:Steve&apos;s Talking Clock - for the Mac!.xcodeproj">
         </BuildableReference>
      </BuildableProductRunnable>
      <MacroExpansion>
         <BuildableReference
            BuildableIdentifier = "primary"
            BlueprintIdentifier = "76EFD4EB2F1ADCCA00C45C5C"
            BuildableName = "Steve&apos;s Talking Clock.app"
            BlueprintName = "Steve&apos;s Talking Clock - for the Mac!"
            ReferencedContainer = "container:Steve&apos;s Talking Clock - for the Mac!.xcodeproj">
         </BuildableReference>
      </MacroExpansion>
   </ProfileAction>
   <AnalyzeAction
      buildConfiguration = "Debug">
   </AnalyzeAction>
   <ArchiveAction
      buildConfiguration = "Release"
      revealArchiveInOrganizer = "YES">
   </ArchiveAction>
</Scheme>
